---
lockfileVersion: '9.0'

importers:

  .:
    configDependencies: {}
    packageManagerDependencies:
      pnpm:
        specifier: 12.8.1
        version: 12.8.1

packages:

  '@pnpm/exe.android-arm64@12.8.1':
    resolution: {integrity: sha512-siDxcidfz5eM6L2tJfik+i2bbUEw8UC7MZ3Yl2HYdRmqbdhHGAOQACtOOu6QVW4Jul4/w5wVKm+wM8ACtgh1Pg==}
    cpu: [arm64]
    os: [android]

  '@pnpm/exe.android-x64@12.8.1':
    resolution: {integrity: sha512-0F/uqPRc3aN4vLHsa0f+6fTtmsigFQ9/yxEU43fionF//pNHEd5e97b3w/nKIgqYMCUQCJphmBRMA9Q8/wlo9Q==}
    cpu: [x64]
    os: [android]

  '@pnpm/exe.darwin-arm64@12.8.1':
    resolution: {integrity: sha512-/rwavvMQJsl2RIxOHBnDF+4Gk+fhQFAY4M3PQZoKskJOEnaJcygG9p1xby6wcQcbS4d9dIubv09CQhufTgfmpw==}
    cpu: [arm64]
    os: [darwin]

  '@pnpm/exe.darwin-x64@12.8.1':
    resolution: {integrity: sha512-htYt2gN7zqJKLhC99Ft6EUiO7myjZAZXfmGCTJUL1v+o7vE9hZdE1+fAkk4Oj1ZHNRti6b2woOxEkRkAusi8OQ==}
    cpu: [x64]
    os: [darwin]

  '@pnpm/exe.freebsd-x64@12.8.1':
    resolution: {integrity: sha512-PB5BULNgytxvExoOXUUeseS/DcpPENs+cg3iA6xHHeaLT4ctEGKSGXEbuj7USeqvo8JBpAx039hivnbzGqDwnA==}
    cpu: [x64]
    os: [freebsd]

  '@pnpm/exe.linux-arm64-musl@12.8.1':
    resolution: {integrity: sha512-kKeyC/ArjrgdciQRBrOL0j9HtOI4gDRgoyP+eJ1CQKyadpKlf/DhDDyspXe07R3B9KagTVLUF2nlt6Dr5quFIg==}
    cpu: [arm64]
    os: [linux]
    libc: [musl]

  '@pnpm/exe.linux-arm64@12.8.1':
    resolution: {integrity: sha512-q4s9a9X2O3N9aeUFooW24orNrxvu20+jyVUFR5RanPCqOKKPBrgs2iywMkBBx1aXkkzdWT54/mfz8Be8sJlWEw==}
    cpu: [arm64]
    os: [linux]
    libc: [glibc]

  '@pnpm/exe.linux-ppc64@12.8.1':
    resolution: {integrity: sha512-F7XSjKJthwCh/L6abZiMpAfo2Cm61SZIT3e4dfgiIjESndlWaXCnfLKngSgZ/SEMsdmHT6dud3+kWIB3tw0/xQ==}
    cpu: [ppc64]
    os: [linux]
    libc: [glibc]

  '@pnpm/exe.linux-riscv64@12.8.1':
    resolution: {integrity: sha512-z1ecpIK/ZY08Unk69KWWE9867oaKUytGUjrHnBoGFAAhsK+q+0cfvBH+f5fWobJ7FX97leMlLO+gkJolddM45Q==}
    cpu: [riscv64]
    os: [linux]
    libc: [glibc]

  '@pnpm/exe.linux-s390x@12.8.1':
    resolution: {integrity: sha512-KU6tnrBfu4uKXTq6N5qJwSm8FSrs9Wc8b5AUEsHK9bRXwNdsZ1/lRxG1++X29SKRW9OSNuDSjxASv5mAvGo1gA==}
    cpu: [s390x]
    os: [linux]
    libc: [glibc]

  '@pnpm/exe.linux-x64-musl@12.8.1':
    resolution: {integrity: sha512-eUE8BWJkDr2tJb/yrk0yVnszlmNqFarVxUlqiZ9BAkct28Nq/5g2H0tvMDmPA7fAQW3STNj+omJPPRVT+4s5sQ==}
    cpu: [x64]
    os: [linux]
    libc: [musl]

  '@pnpm/exe.linux-x64@12.8.1':
    resolution: {integrity: sha512-8bDZ0lZlCdi2rvnFul7EYgcC7zKeWSe76y8JV2oXobaS8p9i9d6PSf6LgLtTM0fI7R9Oh4eLCbveXyNDMmvZ+g==}
    cpu: [x64]
    os: [linux]
    libc: [glibc]

  '@pnpm/exe.win32-arm64@12.8.1':
    resolution: {integrity: sha512-MsT0dlrRxnCRCHCaosNbhWpEiAFnFuMEu3KuDJDU41BXgTwiINxU8goloUSUDejWZUqKaUqNC/qUTihl9nFtqg==}
    cpu: [arm64]
    os: [win32]

  '@pnpm/exe.win32-x64@12.8.1':
    resolution: {integrity: sha512-SWtPe0PsbTTk//gJND10tMdOfCYjrkq5+qV49hzVhY7xz2iJ339Rc+xwASlcvbwTfrvH39YNqpKYibD+CRGLwA==}
    cpu: [x64]
    os: [win32]

  pnpm@12.8.1:
    resolution: {integrity: sha512-9kupB1B/XOr+BsjTjmBS0BeURFgOwSed3Vv8EctIqoomRLZlmOB+dh2oSHKp/FfV+QK4f6SdAkGY1VhhKqu+RQ==}
    engines: {node: '>=18.*'}
    hasBin: true

snapshots:

  '@pnpm/exe.android-arm64@12.8.1':
    optional: true

  '@pnpm/exe.android-x64@12.8.1':
    optional: true

  '@pnpm/exe.darwin-arm64@12.8.1':
    optional: true

  '@pnpm/exe.darwin-x64@12.8.1':
    optional: true

  '@pnpm/exe.freebsd-x64@12.8.1':
    optional: true

  '@pnpm/exe.linux-arm64-musl@12.8.1':
    optional: true

  '@pnpm/exe.linux-arm64@12.8.1':
    optional: true

  '@pnpm/exe.linux-ppc64@12.8.1':
    optional: true

  '@pnpm/exe.linux-riscv64@12.8.1':
    optional: true

  '@pnpm/exe.linux-s390x@12.8.1':
    optional: true

  '@pnpm/exe.linux-x64-musl@12.8.1':
    optional: true

  '@pnpm/exe.linux-x64@12.8.1':
    optional: true

  '@pnpm/exe.win32-arm64@12.8.1':
    optional: true

  '@pnpm/exe.win32-x64@12.8.1':
    optional: true

  pnpm@12.8.1:
    optionalDependencies:
      '@pnpm/exe.android-arm64': 12.8.1
      '@pnpm/exe.android-x64': 12.8.1
      '@pnpm/exe.darwin-arm64': 12.8.1
      '@pnpm/exe.darwin-x64': 12.8.1
      '@pnpm/exe.freebsd-x64': 12.8.1
      '@pnpm/exe.linux-arm64': 12.8.1
      '@pnpm/exe.linux-arm64-musl': 12.8.1
      '@pnpm/exe.linux-ppc64': 12.8.1
      '@pnpm/exe.linux-riscv64': 12.8.1
      '@pnpm/exe.linux-s390x': 12.8.1
      '@pnpm/exe.linux-x64': 12.8.1
      '@pnpm/exe.linux-x64-musl': 12.8.1
      '@pnpm/exe.win32-arm64': 12.8.1
      '@pnpm/exe.win32-x64': 12.8.1

---
lockfileVersion: '9.0'

settings:
  autoInstallPeers: true
  excludeLinksFromLockfile: false

importers:

  .:
    devDependencies:
      deno:
        specifier: runtime:2.9.6
        version: runtime:2.9.6
      prettier:
        specifier: ^3.9.9
        version: 3.9.9
      supabase:
        specifier: 2.119.0
        version: 2.119.0
      typescript:
        specifier: ~6.0.3
        version: 6.0.3

packages:

  '@ecies/ciphers@0.2.6':
    resolution: {integrity: sha512-patgsRPKGkhhoBjETV4XxD0En4ui5fbX0hzayqI3M8tvNMGUoUvmyYAIWwlxBc1KX5cturfqByYdj5bYGRpN9g==}
    engines: {bun: '>=1', deno: '>=2.7.10', node: '>=16'}
    peerDependencies:
      '@noble/ciphers': ^1.0.0

  '@noble/ciphers@1.3.0':
    resolution: {integrity: sha512-2I0gnIVPtfnMw9ee9h1dJG7tp81+8Ob3OJb3Mv37rx5L40/b0i7djjCVvGOVqc9AEIQyvyu1i6ypKdFw8R8gQw==}
    engines: {node: ^14.21.3 || >=16}

  '@noble/curves@1.9.7':
    resolution: {integrity: sha512-gbKGcRUYIjA3/zCCNaWDciTMFI0dCkvou3TL8Zmy5Nc7sJ47a0jtOeZoTaMxkuqRo9cRhjOdZJXegxYE5FN/xw==}
    engines: {node: ^14.21.3 || >=16}

  '@noble/hashes@1.8.0':
    resolution: {integrity: sha512-jCs9ldd7NwzpgXDIf6P3+NrHh9/sD6CQdxHyjQI+h/6rDNo88ypBxxz45UDuZHz9r3tNz7N/VInSVoVdtXEI4A==}
    engines: {node: ^14.21.3 || >=16}

  '@supabase/cli-darwin-arm64@2.119.0':
    resolution: {integrity: sha512-aE6X1J85zXZepvyKMOVWJXK8UqI+J0eAYBWadPBxs0vlbZyvdDPueaNk+zF2fGXlcmfUYA+0VNFfsbT6SOM7Tw==}
    cpu: [arm64]
    os: [darwin]

  '@supabase/cli-darwin-x64@2.119.0':
    resolution: {integrity: sha512-9KqK67n3uVDGWSBZHsoOD6kt9/vKIupSNfJFJrrHUwjgYL7PaIFZPiwmV9EIfNA3t8fTsItkwZbll/jlKUTk5A==}
    cpu: [x64]
    os: [darwin]

  '@supabase/cli-linux-arm64-musl@2.119.0':
    resolution: {integrity: sha512-IzMx3iBhgrKMh9SGjr/AmUzC7hHC/fmz67Q/3sgG3Wkzrz8vo8r4XzNwoZS7UTfgGl33N+B0rg3T4z/Fd6V5Hg==}
    cpu: [arm64]
    os: [linux]
    libc: [musl]

  '@supabase/cli-linux-arm64@2.119.0':
    resolution: {integrity: sha512-IxpN8nFJq4n2DoaYjTORG5cNOsk9y+2wrvfce3F1f/p6+DEibneIRmE/dHXxh78m+rchMM2sPs0HAdgVkn6GQg==}
    cpu: [arm64]
    os: [linux]
    libc: [glibc]

  '@supabase/cli-linux-x64-musl@2.119.0':
    resolution: {integrity: sha512-mshS7qFFNb3O3M+K9YG9MJXPmkeVoaWwWy74g28t059yevlVa/YG1VsJdr2LzEgNzJgx8SIt31qO7QOZlCDyDw==}
    cpu: [x64]
    os: [linux]
    libc: [musl]

  '@supabase/cli-linux-x64@2.119.0':
    resolution: {integrity: sha512-JEcYXk8DFgjVcVOf4zfYpSYUjhjxz87nApqdECtRA8pf6kmmImSYzkE9f8ajhm9srELP4kPkz+C/Jdd2Tqb8Lw==}
    cpu: [x64]
    os: [linux]
    libc: [glibc]

  '@supabase/cli-windows-arm64@2.119.0':
    resolution: {integrity: sha512-I7oJyBUYe6WkFP5jXCIo69+7HYMEvDGGAIegfrF0nFyIG48gDPDPnysouUhqXWJGYiXZ/L7/j4gWQ1Lek/559w==}
    cpu: [arm64]
    os: [win32]

  '@supabase/cli-windows-x64@2.119.0':
    resolution: {integrity: sha512-8H4qLrFYColfm7NhxeXrB81sEJkNwc9OR1tr0a5nj0aO0KevD1EuaPIRlnHpvXLN8UR+4l3DmwUX2cDlVwHYKA==}
    cpu: [x64]
    os: [win32]

  deno@runtime:2.9.6:
    resolution:
      type: variations
      variants:
        - resolution:
            archive: zip
            bin: deno
            integrity: sha256-ITovME8E08nLUiBmmvrROPYKWqsf6Aliq96481gHpHI=
            type: binary
            url: https://github.com/denoland/deno/releases/download/v2.9.6/deno-aarch64-apple-darwin.zip
          targets:
            - cpu: arm64
              os: darwin
        - resolution:
            archive: zip
            bin: deno.exe
            integrity: sha256-rLAUr+IpmEd2TiMrSZPhYuOUbN7sNmA+PxoLVIzR6lU=
            type: binary
            url: https://github.com/denoland/deno/releases/download/v2.9.6/deno-aarch64-pc-windows-msvc.zip
          targets:
            - cpu: arm64
              os: win32
        - resolution:
            archive: zip
            bin: deno
            integrity: sha256-mkavxsOSx80v9xoxVYk1VFtGQI0Oh/eoaQjHEnIcBG4=
            type: binary
            url: https://github.com/denoland/deno/releases/download/v2.9.6/deno-aarch64-unknown-linux-gnu.zip
          targets:
            - cpu: arm64
              os: linux
        - resolution:
            archive: zip
            bin: deno
            integrity: sha256-fUUkuCvMVX/gIKGltWlW7UK5kq5bKAJuitXRcylTP18=
            type: binary
            url: https://github.com/denoland/deno/releases/download/v2.9.6/deno-x86_64-apple-darwin.zip
          targets:
            - cpu: x64
              os: darwin
        - resolution:
            archive: zip
            bin: deno.exe
            integrity: sha256-FeUwCwujw2ladiHZAWCnRuyecQIozuY5r6nVgPbjzRE=
            type: binary
            url: https://github.com/denoland/deno/releases/download/v2.9.6/deno-x86_64-pc-windows-msvc.zip
          targets:
            - cpu: x64
              os: win32
            - cpu: arm64
              os: win32
        - resolution:
            archive: zip
            bin: deno
            integrity: sha256-OU8H9Nor6+bObx584PoWQpspsIw14/rD/iWXJnbf9LI=
            type: binary
            url: https://github.com/denoland/deno/releases/download/v2.9.6/deno-x86_64-unknown-linux-gnu.zip
          targets:
            - cpu: x64
              os: linux
    version: 2.9.6
    hasBin: true

  eciesjs@0.5.0:
    resolution: {integrity: sha512-s0J9SEVYAEPg7J63GFMApLYzPH9VNIQIyC6s15JpnqVc0TqcKWdbgFlnAweEBRyMmko2dcs2sfC83Hj4J43tuA==}
    engines: {bun: '>=1', deno: '>=2.7.10', node: '>=16'}

  jose@6.2.12:
    resolution: {integrity: sha512-9NiFmJEex0sy2Dk58j2UGBSHgUs2ypF9eZSu4L6vjOX3Dp96Sw1F3uL+H+D1sx02jZZdzUT0HgvCy59CuvXcWw==}

  prettier@3.9.9:
    resolution: {integrity: sha512-Z/CJHIkdujO/OtN7nXUii0Rf3VT5SRuhjBA82Xvu2XhBUgX3nhP67T0LHceBdQLex7OOFGTox+Q5Yg8Jk2Qivg==}
    engines: {node: '>=14'}
    hasBin: true

  supabase@2.119.0:
    resolution: {integrity: sha512-0VYIdQBjAJj6+xlNso2JDI//KibEYM8USvimHJauPpuFZdOsj+dutM84ofLtAHlF2UFGzriT1C4qH2hHj9EJxw==}
    hasBin: true

  typescript@6.0.3:
    resolution: {integrity: sha512-y2TvuxSZPDyQakkFRPZHKFm+KKVqIisdg9/CZwm9ftvKXLP8NRWj38/ODjNbr43SsoXqNuAisEf1GdCxqWcdBw==}
    engines: {node: '>=14.17'}
    hasBin: true

snapshots:

  '@ecies/ciphers@0.2.6(@noble/ciphers@1.3.0)':
    dependencies:
      '@noble/ciphers': 1.3.0

  '@noble/ciphers@1.3.0': {}

  '@noble/curves@1.9.7':
    dependencies:
      '@noble/hashes': 1.8.0

  '@noble/hashes@1.8.0': {}

  '@supabase/cli-darwin-arm64@2.119.0':
    optional: true

  '@supabase/cli-darwin-x64@2.119.0':
    optional: true

  '@supabase/cli-linux-arm64-musl@2.119.0':
    optional: true

  '@supabase/cli-linux-arm64@2.119.0':
    optional: true

  '@supabase/cli-linux-x64-musl@2.119.0':
    optional: true

  '@supabase/cli-linux-x64@2.119.0':
    optional: true

  '@supabase/cli-windows-arm64@2.119.0':
    optional: true

  '@supabase/cli-windows-x64@2.119.0':
    optional: true

  deno@runtime:2.9.6: {}

  eciesjs@0.5.0:
    dependencies:
      '@ecies/ciphers': 0.2.6(@noble/ciphers@1.3.0)
      '@noble/ciphers': 1.3.0
      '@noble/curves': 1.9.7
      '@noble/hashes': 1.8.0

  jose@6.2.12: {}

  prettier@3.9.9: {}

  supabase@2.119.0:
    dependencies:
      eciesjs: 0.5.0
      jose: 6.2.12
    optionalDependencies:
      '@supabase/cli-darwin-arm64': 2.119.0
      '@supabase/cli-darwin-x64': 2.119.0
      '@supabase/cli-linux-arm64': 2.119.0
      '@supabase/cli-linux-arm64-musl': 2.119.0
      '@supabase/cli-linux-x64': 2.119.0
      '@supabase/cli-linux-x64-musl': 2.119.0
      '@supabase/cli-windows-arm64': 2.119.0
      '@supabase/cli-windows-x64': 2.119.0

  typescript@6.0.3: {}
